{
    "_readme": [
        "This file locks the dependencies of your project to a known state",
        "Read more about it at https://getcomposer.org/doc/01-basic-usage.md#composer-lock-the-lock-file",
        "This file is @generated automatically"
    ],
    "hash": "d5b4dc8f1bd7933b084ddbc38a7c4b69",
    "content-hash": "7bf6dcca8ff366f3213edf338a5fa997",
    "packages": [
        {
            "name": "symfony/http-foundation",
            "version": "v3.0.1",
            "source": {
                "type": "git",
                "url": "https://github.com/symfony/http-foundation.git",
                "reference": "939c8c28a5b1e4ab7317bc30c1f9aa881c4b06b5"
            },
            "dist": {
                "type": "zip",
                "url": "https://api.github.com/repos/symfony/http-foundation/zipball/939c8c28a5b1e4ab7317bc30c1f9aa881c4b06b5",
                "reference": "939c8c28a5b1e4ab7317bc30c1f9aa881c4b06b5",
                "shasum": ""
            },
            "require": {
                "php": ">=5.5.9"
            },
            "require-dev": {
                "symfony/expression-language": "~2.8|~3.0"
            },
            "type": "library",
            "extra": {
                "branch-alias": {
                    "dev-master": "3.0-dev"
                }
            },
            "autoload": {
                "psr-4": {
                    "Symfony\\Component\\HttpFoundation\\": ""
                },
                "exclude-from-classmap": [
                    "/Tests/"
                ]
            },
            "notification-url": "https://packagist.org/downloads/",
            "license": [
                "MIT"
            ],
            "authors": [
                {
                    "name": "Fabien Potencier",
                    "email": "fabien@symfony.com"
                },
                {
                    "name": "Symfony Community",
                    "homepage": "https://symfony.com/contributors"
                }
            ],
            "description": "Symfony HttpFoundation Component",
            "homepage": "https://symfony.com",
            "time": "2015-12-18 15:43:53"
        },
        {
            "name": "symfony/templating",
            "version": "v3.0.1",
            "source": {
                "type": "git",
                "url": "https://github.com/symfony/templating.git",
                "reference": "a8fa38458cf05d8a8da7b95aef75ce39cfd6c403"
            },
            "dist": {
                "type": "zip",
                "url": "https://api.github.com/repos/symfony/templating/zipball/a8fa38458cf05d8a8da7b95aef75ce39cfd6c403",
                "reference": "a8fa38458cf05d8a8da7b95aef75ce39cfd6c403",
                "shasum": ""
            },
            "require": {
                "php": ">=5.5.9"
            },
            "require-dev": {
                "psr/log": "~1.0"
            },
            "suggest": {
                "psr/log": "For using debug logging in loaders"
            },
            "type": "library",
            "extra": {
                "branch-alias": {
                    "dev-master": "3.0-dev"
                }
            },
            "autoload": {
                "psr-4": {
                    "Symfony\\Component\\Templating\\": ""
                },
                "exclude-from-classmap": [
                    "/Tests/"
                ]
            },
            "notification-url": "https://packagist.org/downloads/",
            "license": [
                "MIT"
            ],
            "authors": [
                {
                    "name": "Fabien Potencier",
                    "email": "fabien@symfony.com"
                },
                {
                    "name": "Symfony Community",
                    "homepage": "https://symfony.com/contributors"
                }
            ],
            "description": "Symfony Templating Component",
            "homepage": "https://symfony.com",
            "time": "2015-11-18 13:48:51"
        }
    ],
    "packages-dev": [],
    "aliases": [],
    "minimum-stability": "stable",
    "stability-flags": [],
    "prefer-stable": false,
    "prefer-lowest": false,
    "platform": {
        "php": ">=5.4.0"
    },
    "platform-dev": []
}
