{
    "_readme": [
        "This file locks the dependencies of your project to a known state",
        "Read more about it at https://getcomposer.org/doc/01-basic-usage.md#composer-lock-the-lock-file",
        "This file is @generated automatically"
    ],
    "hash": "4848e40d42f0124fe82307264c2c6d1c",
    "content-hash": "6139fc3416ffdeacf6883042acc6e493",
    "packages": [
        {
            "name": "illuminate/container",
            "version": "v5.2.24",
            "source": {
                "type": "git",
                "url": "https://github.com/illuminate/container.git",
                "reference": "1e156f8017490f5583ab161030bf839c77c95e54"
            },
            "dist": {
                "type": "zip",
                "url": "https://api.github.com/repos/illuminate/container/zipball/1e156f8017490f5583ab161030bf839c77c95e54",
                "reference": "1e156f8017490f5583ab161030bf839c77c95e54",
                "shasum": ""
            },
            "require": {
                "illuminate/contracts": "5.2.*",
                "php": ">=5.5.9"
            },
            "type": "library",
            "extra": {
                "branch-alias": {
                    "dev-master": "5.2-dev"
                }
            },
            "autoload": {
                "psr-4": {
                    "Illuminate\\Container\\": ""
                }
            },
            "notification-url": "https://packagist.org/downloads/",
            "license": [
                "MIT"
            ],
            "authors": [
                {
                    "name": "Taylor Otwell",
                    "email": "taylorotwell@gmail.com"
                }
            ],
            "description": "The Illuminate Container package.",
            "homepage": "http://laravel.com",
            "time": "2016-03-16 17:19:17"
        },
        {
            "name": "illuminate/contracts",
            "version": "v5.2.24",
            "source": {
                "type": "git",
                "url": "https://github.com/illuminate/contracts.git",
                "reference": "411b851962c211078ade7664a6976e77a78cd2a5"
            },
            "dist": {
                "type": "zip",
                "url": "https://api.github.com/repos/illuminate/contracts/zipball/411b851962c211078ade7664a6976e77a78cd2a5",
                "reference": "411b851962c211078ade7664a6976e77a78cd2a5",
                "shasum": ""
            },
            "require": {
                "php": ">=5.5.9"
            },
            "type": "library",
            "extra": {
                "branch-alias": {
                    "dev-master": "5.2-dev"
                }
            },
            "autoload": {
                "psr-4": {
                    "Illuminate\\Contracts\\": ""
                }
            },
            "notification-url": "https://packagist.org/downloads/",
            "license": [
                "MIT"
            ],
            "authors": [
                {
                    "name": "Taylor Otwell",
                    "email": "taylorotwell@gmail.com"
                }
            ],
            "description": "The Illuminate Contracts package.",
            "homepage": "http://laravel.com",
            "time": "2016-03-07 20:37:17"
        },
        {
            "name": "symfony/http-foundation",
            "version": "v3.0.3",
            "source": {
                "type": "git",
                "url": "https://github.com/symfony/http-foundation.git",
                "reference": "52065702c71743c05d415a8facfcad6d4257e8d7"
            },
            "dist": {
                "type": "zip",
                "url": "https://api.github.com/repos/symfony/http-foundation/zipball/52065702c71743c05d415a8facfcad6d4257e8d7",
                "reference": "52065702c71743c05d415a8facfcad6d4257e8d7",
                "shasum": ""
            },
            "require": {
                "php": ">=5.5.9"
            },
            "require-dev": {
                "symfony/expression-language": "~2.8|~3.0"
            },
            "type": "library",
            "extra": {
                "branch-alias": {
                    "dev-master": "3.0-dev"
                }
            },
            "autoload": {
                "psr-4": {
                    "Symfony\\Component\\HttpFoundation\\": ""
                },
                "exclude-from-classmap": [
                    "/Tests/"
                ]
            },
            "notification-url": "https://packagist.org/downloads/",
            "license": [
                "MIT"
            ],
            "authors": [
                {
                    "name": "Fabien Potencier",
                    "email": "fabien@symfony.com"
                },
                {
                    "name": "Symfony Community",
                    "homepage": "https://symfony.com/contributors"
                }
            ],
            "description": "Symfony HttpFoundation Component",
            "homepage": "https://symfony.com",
            "time": "2016-02-28 16:24:34"
        },
        {
            "name": "symfony/templating",
            "version": "v3.0.3",
            "source": {
                "type": "git",
                "url": "https://github.com/symfony/templating.git",
                "reference": "46abddbff3e7cae4d1d5a9f9ad0cd106f3c5c496"
            },
            "dist": {
                "type": "zip",
                "url": "https://api.github.com/repos/symfony/templating/zipball/46abddbff3e7cae4d1d5a9f9ad0cd106f3c5c496",
                "reference": "46abddbff3e7cae4d1d5a9f9ad0cd106f3c5c496",
                "shasum": ""
            },
            "require": {
                "php": ">=5.5.9"
            },
            "require-dev": {
                "psr/log": "~1.0"
            },
            "suggest": {
                "psr/log": "For using debug logging in loaders"
            },
            "type": "library",
            "extra": {
                "branch-alias": {
                    "dev-master": "3.0-dev"
                }
            },
            "autoload": {
                "psr-4": {
                    "Symfony\\Component\\Templating\\": ""
                },
                "exclude-from-classmap": [
                    "/Tests/"
                ]
            },
            "notification-url": "https://packagist.org/downloads/",
            "license": [
                "MIT"
            ],
            "authors": [
                {
                    "name": "Fabien Potencier",
                    "email": "fabien@symfony.com"
                },
                {
                    "name": "Symfony Community",
                    "homepage": "https://symfony.com/contributors"
                }
            ],
            "description": "Symfony Templating Component",
            "homepage": "https://symfony.com",
            "time": "2016-01-03 15:35:16"
        }
    ],
    "packages-dev": [],
    "aliases": [],
    "minimum-stability": "stable",
    "stability-flags": [],
    "prefer-stable": false,
    "prefer-lowest": false,
    "platform": {
        "php": ">=5.5.0"
    },
    "platform-dev": []
}
